
Microsoft Visual Studio Solution File, Format Version 12.00
# Visual Studio Version 17
VisualStudioVersion = 17.12.35527.113
MinimumVisualStudioVersion = 10.0.40219.1
Project("{FAE04EC0-301F-11D3-BF4B-00C04F79EFBC}") = "BootCampProjectAcunmedya1", "BootCampProjectAcunmedya1\BootCampProjectAcunmedya1.csproj", "{29380A32-09A4-4100-A80E-8551921AEE6E}"
EndProject
Project("{FAE04EC0-301F-11D3-BF4B-00C04F79EFBC}") = "Entity", "Entities\Entity.csproj", "{CC337894-48CA-4870-806D-FB0D4104CC71}"
EndProject
Project("{FAE04EC0-301F-11D3-BF4B-00C04F79EFBC}") = "DataAccess", "DataAccess\DataAccess.csproj", "{9C8446F1-8E92-44E3-B8B2-F2D801A3B781}"
EndProject
Project("{FAE04EC0-301F-11D3-BF4B-00C04F79EFBC}") = "Business", "Business\Business.csproj", "{78A2E26C-5C3F-42DD-ADD4-67F38E788F07}"
EndProject
Project("{FAE04EC0-301F-11D3-BF4B-00C04F79EFBC}") = "Core", "Core\Core.csproj", "{530C3A93-C103-4516-81E8-5213AFEC86B9}"
EndProject
Global
	GlobalSection(SolutionConfigurationPlatforms) = preSolution
		Debug|Any CPU = Debug|Any CPU
		Release|Any CPU = Release|Any CPU
	EndGlobalSection
	GlobalSection(ProjectConfigurationPlatforms) = postSolution
		{29380A32-09A4-4100-A80E-8551921AEE6E}.Debug|Any CPU.ActiveCfg = Debug|Any CPU
		{29380A32-09A4-4100-A80E-8551921AEE6E}.Debug|Any CPU.Build.0 = Debug|Any CPU
		{29380A32-09A4-4100-A80E-8551921AEE6E}.Release|Any CPU.ActiveCfg = Release|Any CPU
		{29380A32-09A4-4100-A80E-8551921AEE6E}.Release|Any CPU.Build.0 = Release|Any CPU
		{CC337894-48CA-4870-806D-FB0D4104CC71}.Debug|Any CPU.ActiveCfg = Debug|Any CPU
		{CC337894-48CA-4870-806D-FB0D4104CC71}.Debug|Any CPU.Build.0 = Debug|Any CPU
		{CC337894-48CA-4870-806D-FB0D4104CC71}.Release|Any CPU.ActiveCfg = Release|Any CPU
		{CC337894-48CA-4870-806D-FB0D4104CC71}.Release|Any CPU.Build.0 = Release|Any CPU
		{9C8446F1-8E92-44E3-B8B2-F2D801A3B781}.Debug|Any CPU.ActiveCfg = Debug|Any CPU
		{9C8446F1-8E92-44E3-B8B2-F2D801A3B781}.Debug|Any CPU.Build.0 = Debug|Any CPU
		{9C8446F1-8E92-44E3-B8B2-F2D801A3B781}.Release|Any CPU.ActiveCfg = Release|Any CPU
		{9C8446F1-8E92-44E3-B8B2-F2D801A3B781}.Release|Any CPU.Build.0 = Release|Any CPU
		{78A2E26C-5C3F-42DD-ADD4-67F38E788F07}.Debug|Any CPU.ActiveCfg = Debug|Any CPU
		{78A2E26C-5C3F-42DD-ADD4-67F38E788F07}.Debug|Any CPU.Build.0 = Debug|Any CPU
		{78A2E26C-5C3F-42DD-ADD4-67F38E788F07}.Release|Any CPU.ActiveCfg = Release|Any CPU
		{78A2E26C-5C3F-42DD-ADD4-67F38E788F07}.Release|Any CPU.Build.0 = Release|Any CPU
		{530C3A93-C103-4516-81E8-5213AFEC86B9}.Debug|Any CPU.ActiveCfg = Debug|Any CPU
		{530C3A93-C103-4516-81E8-5213AFEC86B9}.Debug|Any CPU.Build.0 = Debug|Any CPU
		{530C3A93-C103-4516-81E8-5213AFEC86B9}.Release|Any CPU.ActiveCfg = Release|Any CPU
		{530C3A93-C103-4516-81E8-5213AFEC86B9}.Release|Any CPU.Build.0 = Release|Any CPU
	EndGlobalSection
	GlobalSection(SolutionProperties) = preSolution
		HideSolutionNode = FALSE
	EndGlobalSection
EndGlobal
